Microsoft Visual Studio Solution File, Format Version 8.00
Project("{8BC9CEB8-8B4A-11D0-8D11-00A0C91BC942}") = "Nuklear-XboxOG", "Nuklear-XboxOG\Nuklear-XboxOG.vcproj", "{5837B221-F405-4877-88B8-E6A5A594E59E}"
	ProjectSection(ProjectDependencies) = postProject
	EndProjectSection
EndProject
Global
	GlobalSection(SolutionConfiguration) = preSolution
		Debug = Debug
		Profile = Profile
		Profile_FastCap = Profile_FastCap
		Release = Release
		Release_LTCG = Release_LTCG
	EndGlobalSection
	GlobalSection(ProjectConfiguration) = postSolution
		{5837B221-F405-4877-88B8-E6A5A594E59E}.Debug.ActiveCfg = Debug|Xbox
		{5837B221-F405-4877-88B8-E6A5A594E59E}.Debug.Build.0 = Debug|Xbox
		{5837B221-F405-4877-88B8-E6A5A594E59E}.Profile.ActiveCfg = Profile|Xbox
		{5837B221-F405-4877-88B8-E6A5A594E59E}.Profile.Build.0 = Profile|Xbox
		{5837B221-F405-4877-88B8-E6A5A594E59E}.Profile_FastCap.ActiveCfg = Profile_FastCap|Xbox
		{5837B221-F405-4877-88B8-E6A5A594E59E}.Profile_FastCap.Build.0 = Profile_FastCap|Xbox
		{5837B221-F405-4877-88B8-E6A5A594E59E}.Release.ActiveCfg = Release|Xbox
		{5837B221-F405-4877-88B8-E6A5A594E59E}.Release.Build.0 = Release|Xbox
		{5837B221-F405-4877-88B8-E6A5A594E59E}.Release_LTCG.ActiveCfg = Release_LTCG|Xbox
		{5837B221-F405-4877-88B8-E6A5A594E59E}.Release_LTCG.Build.0 = Release_LTCG|Xbox
	EndGlobalSection
	GlobalSection(ExtensibilityGlobals) = postSolution
	EndGlobalSection
	GlobalSection(ExtensibilityAddIns) = postSolution
	EndGlobalSection
EndGlobal
